
Microsoft Visual Studio Solution File, Format Version 12.00
# Visual Studio 2013
VisualStudioVersion = 12.0.31101.0
MinimumVisualStudioVersion = 10.0.40219.1
Project("{2150E333-8FDC-42A3-9474-1A3956D46DE8}") = "JyotishCalc", "JyotishCalc", "{27B631AF-DFCB-47C1-8AA1-FAD9E1072508}"
EndProject
Project("{D954291E-2A0B-460D-934E-DC6B0785DB48}") = "JyotishCalc.Shared", "JyotishCalc\JyotishCalc.Shared\JyotishCalc.Shared.shproj", "{0758772E-E63E-4B48-A69E-79F9428AF5D6}"
EndProject
Project("{FAE04EC0-301F-11D3-BF4B-00C04F79EFBC}") = "JyotishCalc.Windows", "JyotishCalc\JyotishCalc.Windows\JyotishCalc.Windows.csproj", "{2AF2E4A0-28CD-4A2D-8A2B-E85AA627C5C6}"
EndProject
Project("{FAE04EC0-301F-11D3-BF4B-00C04F79EFBC}") = "JyotishCalc.WindowsPhone", "JyotishCalc\JyotishCalc.WindowsPhone\JyotishCalc.WindowsPhone.csproj", "{179447B1-17AE-4FB2-9205-2D05B6F2FD8A}"
EndProject
Project("{FAE04EC0-301F-11D3-BF4B-00C04F79EFBC}") = "JyotishCalc.Data", "JyotishCalc.Data\JyotishCalc.Data.csproj", "{57B78C26-9D05-4AAB-A65B-1F0643C63906}"
EndProject
Project("{FAE04EC0-301F-11D3-BF4B-00C04F79EFBC}") = "JyotishCalc.Services", "JyotishCalc.Services\JyotishCalc.Services.csproj", "{F2096DE4-B7FF-47BD-9A1D-F236DB0F8D47}"
EndProject
Global
	GlobalSection(SharedMSBuildProjectFiles) = preSolution
		JyotishCalc\JyotishCalc.Shared\JyotishCalc.Shared.projitems*{0758772e-e63e-4b48-a69e-79f9428af5d6}*SharedItemsImports = 13
		JyotishCalc\JyotishCalc.Shared\JyotishCalc.Shared.projitems*{2af2e4a0-28cd-4a2d-8a2b-e85aa627c5c6}*SharedItemsImports = 4
		JyotishCalc\JyotishCalc.Shared\JyotishCalc.Shared.projitems*{179447b1-17ae-4fb2-9205-2d05b6f2fd8a}*SharedItemsImports = 4
	EndGlobalSection
	GlobalSection(SolutionConfigurationPlatforms) = preSolution
		Debug|Any CPU = Debug|Any CPU
		Debug|ARM = Debug|ARM
		Debug|x64 = Debug|x64
		Debug|x86 = Debug|x86
		Release|Any CPU = Release|Any CPU
		Release|ARM = Release|ARM
		Release|x64 = Release|x64
		Release|x86 = Release|x86
	EndGlobalSection
	GlobalSection(ProjectConfigurationPlatforms) = postSolution
		{2AF2E4A0-28CD-4A2D-8A2B-E85AA627C5C6}.Debug|Any CPU.ActiveCfg = Debug|Any CPU
		{2AF2E4A0-28CD-4A2D-8A2B-E85AA627C5C6}.Debug|Any CPU.Build.0 = Debug|Any CPU
		{2AF2E4A0-28CD-4A2D-8A2B-E85AA627C5C6}.Debug|Any CPU.Deploy.0 = Debug|Any CPU
		{2AF2E4A0-28CD-4A2D-8A2B-E85AA627C5C6}.Debug|ARM.ActiveCfg = Debug|ARM
		{2AF2E4A0-28CD-4A2D-8A2B-E85AA627C5C6}.Debug|ARM.Build.0 = Debug|ARM
		{2AF2E4A0-28CD-4A2D-8A2B-E85AA627C5C6}.Debug|ARM.Deploy.0 = Debug|ARM
		{2AF2E4A0-28CD-4A2D-8A2B-E85AA627C5C6}.Debug|x64.ActiveCfg = Debug|x64
		{2AF2E4A0-28CD-4A2D-8A2B-E85AA627C5C6}.Debug|x64.Build.0 = Debug|x64
		{2AF2E4A0-28CD-4A2D-8A2B-E85AA627C5C6}.Debug|x64.Deploy.0 = Debug|x64
		{2AF2E4A0-28CD-4A2D-8A2B-E85AA627C5C6}.Debug|x86.ActiveCfg = Debug|x86
		{2AF2E4A0-28CD-4A2D-8A2B-E85AA627C5C6}.Debug|x86.Build.0 = Debug|x86
		{2AF2E4A0-28CD-4A2D-8A2B-E85AA627C5C6}.Debug|x86.Deploy.0 = Debug|x86
		{2AF2E4A0-28CD-4A2D-8A2B-E85AA627C5C6}.Release|Any CPU.ActiveCfg = Release|Any CPU
		{2AF2E4A0-28CD-4A2D-8A2B-E85AA627C5C6}.Release|Any CPU.Build.0 = Release|Any CPU
		{2AF2E4A0-28CD-4A2D-8A2B-E85AA627C5C6}.Release|Any CPU.Deploy.0 = Release|Any CPU
		{2AF2E4A0-28CD-4A2D-8A2B-E85AA627C5C6}.Release|ARM.ActiveCfg = Release|ARM
		{2AF2E4A0-28CD-4A2D-8A2B-E85AA627C5C6}.Release|ARM.Build.0 = Release|ARM
		{2AF2E4A0-28CD-4A2D-8A2B-E85AA627C5C6}.Release|ARM.Deploy.0 = Release|ARM
		{2AF2E4A0-28CD-4A2D-8A2B-E85AA627C5C6}.Release|x64.ActiveCfg = Release|x64
		{2AF2E4A0-28CD-4A2D-8A2B-E85AA627C5C6}.Release|x64.Build.0 = Release|x64
		{2AF2E4A0-28CD-4A2D-8A2B-E85AA627C5C6}.Release|x64.Deploy.0 = Release|x64
		{2AF2E4A0-28CD-4A2D-8A2B-E85AA627C5C6}.Release|x86.ActiveCfg = Release|x86
		{2AF2E4A0-28CD-4A2D-8A2B-E85AA627C5C6}.Release|x86.Build.0 = Release|x86
		{2AF2E4A0-28CD-4A2D-8A2B-E85AA627C5C6}.Release|x86.Deploy.0 = Release|x86
		{179447B1-17AE-4FB2-9205-2D05B6F2FD8A}.Debug|Any CPU.ActiveCfg = Debug|Any CPU
		{179447B1-17AE-4FB2-9205-2D05B6F2FD8A}.Debug|Any CPU.Build.0 = Debug|Any CPU
		{179447B1-17AE-4FB2-9205-2D05B6F2FD8A}.Debug|Any CPU.Deploy.0 = Debug|Any CPU
		{179447B1-17AE-4FB2-9205-2D05B6F2FD8A}.Debug|ARM.ActiveCfg = Debug|ARM
		{179447B1-17AE-4FB2-9205-2D05B6F2FD8A}.Debug|ARM.Build.0 = Debug|ARM
		{179447B1-17AE-4FB2-9205-2D05B6F2FD8A}.Debug|ARM.Deploy.0 = Debug|ARM
		{179447B1-17AE-4FB2-9205-2D05B6F2FD8A}.Debug|x64.ActiveCfg = Debug|Any CPU
		{179447B1-17AE-4FB2-9205-2D05B6F2FD8A}.Debug|x86.ActiveCfg = Debug|x86
		{179447B1-17AE-4FB2-9205-2D05B6F2FD8A}.Debug|x86.Build.0 = Debug|x86
		{179447B1-17AE-4FB2-9205-2D05B6F2FD8A}.Debug|x86.Deploy.0 = Debug|x86
		{179447B1-17AE-4FB2-9205-2D05B6F2FD8A}.Release|Any CPU.ActiveCfg = Release|Any CPU
		{179447B1-17AE-4FB2-9205-2D05B6F2FD8A}.Release|Any CPU.Build.0 = Release|Any CPU
		{179447B1-17AE-4FB2-9205-2D05B6F2FD8A}.Release|Any CPU.Deploy.0 = Release|Any CPU
		{179447B1-17AE-4FB2-9205-2D05B6F2FD8A}.Release|ARM.ActiveCfg = Release|ARM
		{179447B1-17AE-4FB2-9205-2D05B6F2FD8A}.Release|ARM.Build.0 = Release|ARM
		{179447B1-17AE-4FB2-9205-2D05B6F2FD8A}.Release|ARM.Deploy.0 = Release|ARM
		{179447B1-17AE-4FB2-9205-2D05B6F2FD8A}.Release|x64.ActiveCfg = Release|Any CPU
		{179447B1-17AE-4FB2-9205-2D05B6F2FD8A}.Release|x86.ActiveCfg = Release|x86
		{179447B1-17AE-4FB2-9205-2D05B6F2FD8A}.Release|x86.Build.0 = Release|x86
		{179447B1-17AE-4FB2-9205-2D05B6F2FD8A}.Release|x86.Deploy.0 = Release|x86
		{57B78C26-9D05-4AAB-A65B-1F0643C63906}.Debug|Any CPU.ActiveCfg = Debug|Any CPU
		{57B78C26-9D05-4AAB-A65B-1F0643C63906}.Debug|Any CPU.Build.0 = Debug|Any CPU
		{57B78C26-9D05-4AAB-A65B-1F0643C63906}.Debug|ARM.ActiveCfg = Debug|Any CPU
		{57B78C26-9D05-4AAB-A65B-1F0643C63906}.Debug|x64.ActiveCfg = Debug|Any CPU
		{57B78C26-9D05-4AAB-A65B-1F0643C63906}.Debug|x86.ActiveCfg = Debug|Any CPU
		{57B78C26-9D05-4AAB-A65B-1F0643C63906}.Release|Any CPU.ActiveCfg = Release|Any CPU
		{57B78C26-9D05-4AAB-A65B-1F0643C63906}.Release|Any CPU.Build.0 = Release|Any CPU
		{57B78C26-9D05-4AAB-A65B-1F0643C63906}.Release|ARM.ActiveCfg = Release|Any CPU
		{57B78C26-9D05-4AAB-A65B-1F0643C63906}.Release|x64.ActiveCfg = Release|Any CPU
		{57B78C26-9D05-4AAB-A65B-1F0643C63906}.Release|x86.ActiveCfg = Release|Any CPU
		{F2096DE4-B7FF-47BD-9A1D-F236DB0F8D47}.Debug|Any CPU.ActiveCfg = Debug|Any CPU
		{F2096DE4-B7FF-47BD-9A1D-F236DB0F8D47}.Debug|Any CPU.Build.0 = Debug|Any CPU
		{F2096DE4-B7FF-47BD-9A1D-F236DB0F8D47}.Debug|ARM.ActiveCfg = Debug|Any CPU
		{F2096DE4-B7FF-47BD-9A1D-F236DB0F8D47}.Debug|x64.ActiveCfg = Debug|Any CPU
		{F2096DE4-B7FF-47BD-9A1D-F236DB0F8D47}.Debug|x86.ActiveCfg = Debug|Any CPU
		{F2096DE4-B7FF-47BD-9A1D-F236DB0F8D47}.Release|Any CPU.ActiveCfg = Release|Any CPU
		{F2096DE4-B7FF-47BD-9A1D-F236DB0F8D47}.Release|Any CPU.Build.0 = Release|Any CPU
		{F2096DE4-B7FF-47BD-9A1D-F236DB0F8D47}.Release|ARM.ActiveCfg = Release|Any CPU
		{F2096DE4-B7FF-47BD-9A1D-F236DB0F8D47}.Release|x64.ActiveCfg = Release|Any CPU
		{F2096DE4-B7FF-47BD-9A1D-F236DB0F8D47}.Release|x86.ActiveCfg = Release|Any CPU
	EndGlobalSection
	GlobalSection(SolutionProperties) = preSolution
		HideSolutionNode = FALSE
	EndGlobalSection
	GlobalSection(NestedProjects) = preSolution
		{0758772E-E63E-4B48-A69E-79F9428AF5D6} = {27B631AF-DFCB-47C1-8AA1-FAD9E1072508}
		{2AF2E4A0-28CD-4A2D-8A2B-E85AA627C5C6} = {27B631AF-DFCB-47C1-8AA1-FAD9E1072508}
		{179447B1-17AE-4FB2-9205-2D05B6F2FD8A} = {27B631AF-DFCB-47C1-8AA1-FAD9E1072508}
	EndGlobalSection
EndGlobal
